# THIS IS AN AUTOGENERATED FILE. DO NOT EDIT THIS FILE DIRECTLY.
# yarn lockfile v1


ansi-colors@^3.2.1:
  version "3.2.4"
  resolved "https://registry.yarnpkg.com/ansi-colors/-/ansi-colors-3.2.4.tgz#e3a3da4bfbae6c86a9c285625de124a234026fbf"
  integrity sha512-hHUXGagefjN2iRrID63xckIvotOXOojhQKWIPUZ4mNUZ9nLZW+7FMNoE1lOkEhNWYsx/7ysGIuJYCiMAA9FnrA==

dotenv@^8.0.0:
  version "8.0.0"
  resolved "https://registry.yarnpkg.com/dotenv/-/dotenv-8.0.0.tgz#ed310c165b4e8a97bb745b0a9d99c31bda566440"
  integrity sha512-30xVGqjLjiUOArT4+M5q9sYdvuR4riM6yK9wMcas9Vbp6zZa+ocC9dp6QoftuhTPhFAiLK/0C5Ni2nou/Bk8lg==

enquirer@^2.3.1:
  version "2.3.1"
  resolved "https://registry.yarnpkg.com/enquirer/-/enquirer-2.3.1.tgz#f1bf52ea38470525f41412d723a62ba6868559c6"
  integrity sha512-7slmHsJY+mvnIrzD0Z0FfTFLmVJuIzRNCW72X9s35BshOoC+MI4jLJ8aPyAC/BelAirXBZB+Mu1wSqP0wpW4Kg==
  dependencies:
    ansi-colors "^3.2.1"
